
Microsoft Visual Studio Solution File, Format Version 12.00
# Visual Studio Version 17
VisualStudioVersion = 17.5.33627.172
MinimumVisualStudioVersion = 10.0.40219.1
Project("{9A19103F-16F7-4668-BE54-9A1E7A4F7556}") = "DatingApp", "DatingApp\DatingApp.csproj", "{57DEFAA7-9F00-46D4-8CDC-48B1060088FC}"
EndProject
Project("{FAE04EC0-301F-11D3-BF4B-00C04F79EFBC}") = "DatingApp.Tests", "DatingApp.Tests\DatingApp.Tests.csproj", "{31666E8B-CFD1-49CF-8528-0B36EFD100ED}"
EndProject
Global
	GlobalSection(SolutionConfigurationPlatforms) = preSolution
		Debug|Any CPU = Debug|Any CPU
		Release|Any CPU = Release|Any CPU
	EndGlobalSection
	GlobalSection(ProjectConfigurationPlatforms) = postSolution
		{57DEFAA7-9F00-46D4-8CDC-48B1060088FC}.Debug|Any CPU.ActiveCfg = Debug|Any CPU
		{57DEFAA7-9F00-46D4-8CDC-48B1060088FC}.Debug|Any CPU.Build.0 = Debug|Any CPU
		{57DEFAA7-9F00-46D4-8CDC-48B1060088FC}.Release|Any CPU.ActiveCfg = Release|Any CPU
		{57DEFAA7-9F00-46D4-8CDC-48B1060088FC}.Release|Any CPU.Build.0 = Release|Any CPU
		{31666E8B-CFD1-49CF-8528-0B36EFD100ED}.Debug|Any CPU.ActiveCfg = Debug|Any CPU
		{31666E8B-CFD1-49CF-8528-0B36EFD100ED}.Debug|Any CPU.Build.0 = Debug|Any CPU
		{31666E8B-CFD1-49CF-8528-0B36EFD100ED}.Release|Any CPU.ActiveCfg = Release|Any CPU
		{31666E8B-CFD1-49CF-8528-0B36EFD100ED}.Release|Any CPU.Build.0 = Release|Any CPU
	EndGlobalSection
	GlobalSection(SolutionProperties) = preSolution
		HideSolutionNode = FALSE
	EndGlobalSection
	GlobalSection(ExtensibilityGlobals) = postSolution
		SolutionGuid = {3DE20E01-2323-494B-8DC2-2747FC2F1AFA}
	EndGlobalSection
EndGlobal
